
Microsoft Visual Studio Solution File, Format Version 12.00
Project("{FAE04EC0-301F-11D3-BF4B-00C04F79EFBC}") = "MyTestServer", "MyTestServer\MyTestServer.csproj", "{2255F1AC-2F94-497E-82FF-B557D12BA2F0}"
EndProject
Global
	GlobalSection(SolutionConfigurationPlatforms) = preSolution
		Debug|Any CPU = Debug|Any CPU
		Release|Any CPU = Release|Any CPU
	EndGlobalSection
	GlobalSection(ProjectConfigurationPlatforms) = postSolution
		{2255F1AC-2F94-497E-82FF-B557D12BA2F0}.Debug|Any CPU.ActiveCfg = Debug|Any CPU
		{2255F1AC-2F94-497E-82FF-B557D12BA2F0}.Debug|Any CPU.Build.0 = Debug|Any CPU
		{2255F1AC-2F94-497E-82FF-B557D12BA2F0}.Release|Any CPU.ActiveCfg = Release|Any CPU
		{2255F1AC-2F94-497E-82FF-B557D12BA2F0}.Release|Any CPU.Build.0 = Release|Any CPU
	EndGlobalSection
EndGlobal
